
Microsoft Visual Studio Solution File, Format Version 12.00
# Visual Studio Version 17
VisualStudioVersion = 17.8.34330.188
MinimumVisualStudioVersion = 10.0.40219.1
Project("{FAE04EC0-301F-11D3-BF4B-00C04F79EFBC}") = "HelloCS", "HelloCS\HelloCS.csproj", "{2B4CFC04-5033-4EA2-A9C1-D9030F61F432}"
EndProject
Project("{FAE04EC0-301F-11D3-BF4B-00C04F79EFBC}") = "AboutMyEnvironment", "AboutMyEnvironment\AboutMyEnvironment.csproj", "{5C55095C-FA05-4734-82DF-B4BD43A2CCDE}"
EndProject
Global
	GlobalSection(SolutionConfigurationPlatforms) = preSolution
		Debug|Any CPU = Debug|Any CPU
		Release|Any CPU = Release|Any CPU
	EndGlobalSection
	GlobalSection(ProjectConfigurationPlatforms) = postSolution
		{2B4CFC04-5033-4EA2-A9C1-D9030F61F432}.Debug|Any CPU.ActiveCfg = Debug|Any CPU
		{2B4CFC04-5033-4EA2-A9C1-D9030F61F432}.Debug|Any CPU.Build.0 = Debug|Any CPU
		{2B4CFC04-5033-4EA2-A9C1-D9030F61F432}.Release|Any CPU.ActiveCfg = Release|Any CPU
		{2B4CFC04-5033-4EA2-A9C1-D9030F61F432}.Release|Any CPU.Build.0 = Release|Any CPU
		{5C55095C-FA05-4734-82DF-B4BD43A2CCDE}.Debug|Any CPU.ActiveCfg = Debug|Any CPU
		{5C55095C-FA05-4734-82DF-B4BD43A2CCDE}.Debug|Any CPU.Build.0 = Debug|Any CPU
		{5C55095C-FA05-4734-82DF-B4BD43A2CCDE}.Release|Any CPU.ActiveCfg = Release|Any CPU
		{5C55095C-FA05-4734-82DF-B4BD43A2CCDE}.Release|Any CPU.Build.0 = Release|Any CPU
	EndGlobalSection
	GlobalSection(SolutionProperties) = preSolution
		HideSolutionNode = FALSE
	EndGlobalSection
	GlobalSection(ExtensibilityGlobals) = postSolution
		SolutionGuid = {5E288FF4-66FD-4C3F-B75D-729854B11849}
	EndGlobalSection
EndGlobal
